
Microsoft Visual Studio Solution File, Format Version 12.00
# Visual Studio Version 16
VisualStudioVersion = 16.0.30011.22
MinimumVisualStudioVersion = 10.0.40219.1
Project("{FAE04EC0-301F-11D3-BF4B-00C04F79EFBC}") = "ConsoleApp", "ConsoleApp\ConsoleApp.csproj", "{26F87467-B783-4B64-BFCD-E688F1A6389B}"
EndProject
Project("{FAE04EC0-301F-11D3-BF4B-00C04F79EFBC}") = "CarRentalSystemManagement", "CarRentalSystemManagement\CarRentalSystemManagement.csproj", "{A1D28694-3524-41A4-BD84-7C9F63D8C014}"
EndProject
Project("{FAE04EC0-301F-11D3-BF4B-00C04F79EFBC}") = "CarRentalSystem", "CarRentalSystem\CarRentalSystem.csproj", "{84B206C9-37E5-487E-B82E-4D2FBDF4BF8A}"
EndProject
Global
	GlobalSection(SolutionConfigurationPlatforms) = preSolution
		Debug|Any CPU = Debug|Any CPU
		Release|Any CPU = Release|Any CPU
	EndGlobalSection
	GlobalSection(ProjectConfigurationPlatforms) = postSolution
		{26F87467-B783-4B64-BFCD-E688F1A6389B}.Debug|Any CPU.ActiveCfg = Debug|Any CPU
		{26F87467-B783-4B64-BFCD-E688F1A6389B}.Debug|Any CPU.Build.0 = Debug|Any CPU
		{26F87467-B783-4B64-BFCD-E688F1A6389B}.Release|Any CPU.ActiveCfg = Release|Any CPU
		{26F87467-B783-4B64-BFCD-E688F1A6389B}.Release|Any CPU.Build.0 = Release|Any CPU
		{A1D28694-3524-41A4-BD84-7C9F63D8C014}.Debug|Any CPU.ActiveCfg = Debug|Any CPU
		{A1D28694-3524-41A4-BD84-7C9F63D8C014}.Debug|Any CPU.Build.0 = Debug|Any CPU
		{A1D28694-3524-41A4-BD84-7C9F63D8C014}.Release|Any CPU.ActiveCfg = Release|Any CPU
		{A1D28694-3524-41A4-BD84-7C9F63D8C014}.Release|Any CPU.Build.0 = Release|Any CPU
		{84B206C9-37E5-487E-B82E-4D2FBDF4BF8A}.Debug|Any CPU.ActiveCfg = Debug|Any CPU
		{84B206C9-37E5-487E-B82E-4D2FBDF4BF8A}.Debug|Any CPU.Build.0 = Debug|Any CPU
		{84B206C9-37E5-487E-B82E-4D2FBDF4BF8A}.Release|Any CPU.ActiveCfg = Release|Any CPU
		{84B206C9-37E5-487E-B82E-4D2FBDF4BF8A}.Release|Any CPU.Build.0 = Release|Any CPU
	EndGlobalSection
	GlobalSection(SolutionProperties) = preSolution
		HideSolutionNode = FALSE
	EndGlobalSection
	GlobalSection(ExtensibilityGlobals) = postSolution
		SolutionGuid = {80691207-7D5D-4111-9F78-25ED136908BF}
	EndGlobalSection
EndGlobal
